// !$*UTF8*$!
{
	archiveVersion = 1;
	classes = {
	};
	objectVersion = 55;
	objects = {

/* Begin PBXBuildFile section */
		6EACBFDB26B1D443003AE8A7 /* AppDelegate.swift in Sources */ = {isa = PBXBuildFile; fileRef = 6EACBFDA26B1D443003AE8A7 /* AppDelegate.swift */; };
		6EACBFDD26B1D443003AE8A7 /* SceneDelegate.swift in Sources */ = {isa = PBXBuildFile; fileRef = 6EACBFDC26B1D443003AE8A7 /* SceneDelegate.swift */; };
		6EACBFDF26B1D443003AE8A7 /* ViewController.swift in Sources */ = {isa = PBXBuildFile; fileRef = 6EACBFDE26B1D443003AE8A7 /* ViewController.swift */; };
		6EACBFE226B1D443003AE8A7 /* Main.storyboard in Resources */ = {isa = PBXBuildFile; fileRef = 6EACBFE026B1D443003AE8A7 /* Main.storyboard */; };
		6EACBFE526B1D443003AE8A7 /* MiniProject1.xcdatamodeld in Sources */ = {isa = PBXBuildFile; fileRef = 6EACBFE326B1D443003AE8A7 /* MiniProject1.xcdatamodeld */; };
		6EACBFE726B1D445003AE8A7 /* Assets.xcassets in Resources */ = {isa = PBXBuildFile; fileRef = 6EACBFE626B1D445003AE8A7 /* Assets.xcassets */; };
		6EACBFEA26B1D445003AE8A7 /* LaunchScreen.storyboard in Resources */ = {isa = PBXBuildFile; fileRef = 6EACBFE826B1D445003AE8A7 /* LaunchScreen.storyboard */; };
		6EACBFF526B1D446003AE8A7 /* MiniProject1Tests.swift in Sources */ = {isa = PBXBuildFile; fileRef = 6EACBFF426B1D446003AE8A7 /* MiniProject1Tests.swift */; };
		6EACBFFF26B1D446003AE8A7 /* MiniProject1UITests.swift in Sources */ = {isa = PBXBuildFile; fileRef = 6EACBFFE26B1D446003AE8A7 /* MiniProject1UITests.swift */; };
/* End PBXBuildFile section */

/* Begin PBXContainerItemProxy section */
		6EACBFF126B1D446003AE8A7 /* PBXContainerItemProxy */ = {
			isa = PBXContainerItemProxy;
			containerPortal = 6EACBFCF26B1D443003AE8A7 /* Project object */;
			proxyType = 1;
			remoteGlobalIDString = 6EACBFD626B1D443003AE8A7;
			remoteInfo = MiniProject1;
		};
		6EACBFFB26B1D446003AE8A7 /* PBXContainerItemProxy */ = {
			isa = PBXContainerItemProxy;
			containerPortal = 6EACBFCF26B1D443003AE8A7 /* Project object */;
			proxyType = 1;
			remoteGlobalIDString = 6EACBFD626B1D443003AE8A7;
			remoteInfo = MiniProject1;
		};
/* End PBXContainerItemProxy section */

/* Begin PBXFileReference section */
		6EACBFD726B1D443003AE8A7 /* MiniProject1.app */ = {isa = PBXFileReference; explicitFileType = wrapper.application; includeInIndex = 0; path = MiniProject1.app; sourceTree = BUILT_PRODUCTS_DIR; };
		6EACBFDA26B1D443003AE8A7 /* AppDelegate.swift */ = {isa = PBXFileReference; lastKnownFileType = sourcecode.swift; path = AppDelegate.swift; sourceTree = "<group>"; };
		6EACBFDC26B1D443003AE8A7 /* SceneDelegate.swift */ = {isa = PBXFileReference; lastKnownFileType = sourcecode.swift; path = SceneDelegate.swift; sourceTree = "<group>"; };
		6EACBFDE26B1D443003AE8A7 /* ViewController.swift */ = {isa = PBXFileReference; lastKnownFileType = sourcecode.swift; path = ViewController.swift; sourceTree = "<group>"; };
		6EACBFE126B1D443003AE8A7 /* Base */ = {isa = PBXFileReference; lastKnownFileType = file.storyboard; name = Base; path = Base.lproj/Main.storyboard; sourceTree = "<group>"; };
		6EACBFE426B1D443003AE8A7 /* MiniProject1.xcdatamodel */ = {isa = PBXFileReference; lastKnownFileType = wrapper.xcdatamodel; path = MiniProject1.xcdatamodel; sourceTree = "<group>"; };
		6EACBFE626B1D445003AE8A7 /* Assets.xcassets */ = {isa = PBXFileReference; lastKnownFileType = folder.assetcatalog; path = Assets.xcassets; sourceTree = "<group>"; };
		6EACBFE926B1D445003AE8A7 /* Base */ = {isa = PBXFileReference; lastKnownFileType = file.storyboard; name = Base; path = Base.lproj/LaunchScreen.storyboard; sourceTree = "<group>"; };
		6EACBFEB26B1D445003AE8A7 /* Info.plist */ = {isa = PBXFileReference; lastKnownFileType = text.plist.xml; path = Info.plist; sourceTree = "<group>"; };
		6EACBFF026B1D446003AE8A7 /* MiniProject1Tests.xctest */ = {isa = PBXFileReference; explicitFileType = wrapper.cfbundle; includeInIndex = 0; path = MiniProject1Tests.xctest; sourceTree = BUILT_PRODUCTS_DIR; };
		6EACBFF426B1D446003AE8A7 /* MiniProject1Tests.swift */ = {isa = PBXFileReference; lastKnownFileType = sourcecode.swift; path = MiniProject1Tests.swift; sourceTree = "<group>"; };
		6EACBFFA26B1D446003AE8A7 /* MiniProject1UITests.xctest */ = {isa = PBXFileReference; explicitFileType = wrapper.cfbundle; includeInIndex = 0; path = MiniProject1UITests.xctest; sourceTree = BUILT_PRODUCTS_DIR; };
		6EACBFFE26B1D446003AE8A7 /* MiniProject1UITests.swift */ = {isa = PBXFileReference; lastKnownFileType = sourcecode.swift; path = MiniProject1UITests.swift; sourceTree = "<group>"; };
/* End PBXFileReference section */

/* Begin PBXFrameworksBuildPhase section */
		6EACBFD426B1D443003AE8A7 /* Frameworks */ = {
			isa = PBXFrameworksBuildPhase;
			buildActionMask = 2147483647;
			files = (
			);
			runOnlyForDeploymentPostprocessing = 0;
		};
		6EACBFED26B1D446003AE8A7 /* Frameworks */ = {
			isa = PBXFrameworksBuildPhase;
			buildActionMask = 2147483647;
			files = (
			);
			runOnlyForDeploymentPostprocessing = 0;
		};
		6EACBFF726B1D446003AE8A7 /* Frameworks */ = {
			isa = PBXFrameworksBuildPhase;
			buildActionMask = 2147483647;
			files = (
			);
			runOnlyForDeploymentPostprocessing = 0;
		};
/* End PBXFrameworksBuildPhase section */

/* Begin PBXGroup section */
		6EACBFCE26B1D443003AE8A7 = {
			isa = PBXGroup;
			children = (
				6EACBFD926B1D443003AE8A7 /* MiniProject1 */,
				6EACBFF326B1D446003AE8A7 /* MiniProject1Tests */,
				6EACBFFD26B1D446003AE8A7 /* MiniProject1UITests */,
				6EACBFD826B1D443003AE8A7 /* Products */,
			);
			sourceTree = "<group>";
		};
		6EACBFD826B1D443003AE8A7 /* Products */ = {
			isa = PBXGroup;
			children = (
				6EACBFD726B1D443003AE8A7 /* MiniProject1.app */,
				6EACBFF026B1D446003AE8A7 /* MiniProject1Tests.xctest */,
				6EACBFFA26B1D446003AE8A7 /* MiniProject1UITests.xctest */,
			);
			name = Products;
			sourceTree = "<group>";
		};
		6EACBFD926B1D443003AE8A7 /* MiniProject1 */ = {
			isa = PBXGroup;
			children = (
				6EACBFDA26B1D443003AE8A7 /* AppDelegate.swift */,
				6EACBFDC26B1D443003AE8A7 /* SceneDelegate.swift */,
				6EACBFDE26B1D443003AE8A7 /* ViewController.swift */,
				6EACBFE026B1D443003AE8A7 /* Main.storyboard */,
				6EACBFE626B1D445003AE8A7 /* Assets.xcassets */,
				6EACBFE826B1D445003AE8A7 /* LaunchScreen.storyboard */,
				6EACBFEB26B1D445003AE8A7 /* Info.plist */,
				6EACBFE326B1D443003AE8A7 /* MiniProject1.xcdatamodeld */,
			);
			path = MiniProject1;
			sourceTree = "<group>";
		};
		6EACBFF326B1D446003AE8A7 /* MiniProject1Tests */ = {
			isa = PBXGroup;
			children = (
				6EACBFF426B1D446003AE8A7 /* MiniProject1Tests.swift */,
			);
			path = MiniProject1Tests;
			sourceTree = "<group>";
		};
		6EACBFFD26B1D446003AE8A7 /* MiniProject1UITests */ = {
			isa = PBXGroup;
			children = (
				6EACBFFE26B1D446003AE8A7 /* MiniProject1UITests.swift */,
			);
			path = MiniProject1UITests;
			sourceTree = "<group>";
		};
/* End PBXGroup section */

/* Begin PBXNativeTarget section */
		6EACBFD626B1D443003AE8A7 /* MiniProject1 */ = {
			isa = PBXNativeTarget;
			buildConfigurationList = 6EACC00226B1D446003AE8A7 /* Build configuration list for PBXNativeTarget "MiniProject1" */;
			buildPhases = (
				6EACBFD326B1D443003AE8A7 /* Sources */,
				6EACBFD426B1D443003AE8A7 /* Frameworks */,
				6EACBFD526B1D443003AE8A7 /* Resources */,
			);
			buildRules = (
			);
			dependencies = (
			);
			name = MiniProject1;
			productName = MiniProject1;
			productReference = 6EACBFD726B1D443003AE8A7 /* MiniProject1.app */;
			productType = "com.apple.product-type.application";
		};
		6EACBFEF26B1D446003AE8A7 /* MiniProject1Tests */ = {
			isa = PBXNativeTarget;
			buildConfigurationList = 6EACC00526B1D446003AE8A7 /* Build configuration list for PBXNativeTarget "MiniProject1Tests" */;
			buildPhases = (
				6EACBFEC26B1D446003AE8A7 /* Sources */,
				6EACBFED26B1D446003AE8A7 /* Frameworks */,
				6EACBFEE26B1D446003AE8A7 /* Resources */,
			);
			buildRules = (
			);
			dependencies = (
				6EACBFF226B1D446003AE8A7 /* PBXTargetDependency */,
			);
			name = MiniProject1Tests;
			productName = MiniProject1Tests;
			productReference = 6EACBFF026B1D446003AE8A7 /* MiniProject1Tests.xctest */;
			productType = "com.apple.product-type.bundle.unit-test";
		};
		6EACBFF926B1D446003AE8A7 /* MiniProject1UITests */ = {
			isa = PBXNativeTarget;
			buildConfigurationList = 6EACC00826B1D446003AE8A7 /* Build configuration list for PBXNativeTarget "MiniProject1UITests" */;
			buildPhases = (
				6EACBFF626B1D446003AE8A7 /* Sources */,
				6EACBFF726B1D446003AE8A7 /* Frameworks */,
				6EACBFF826B1D446003AE8A7 /* Resources */,
			);
			buildRules = (
			);
			dependencies = (
				6EACBFFC26B1D446003AE8A7 /* PBXTargetDependency */,
			);
			name = MiniProject1UITests;
			productName = MiniProject1UITests;
			productReference = 6EACBFFA26B1D446003AE8A7 /* MiniProject1UITests.xctest */;
			productType = "com.apple.product-type.bundle.ui-testing";
		};
/* End PBXNativeTarget section */

/* Begin PBXProject section */
		6EACBFCF26B1D443003AE8A7 /* Project object */ = {
			isa = PBXProject;
			attributes = {
				BuildIndependentTargetsInParallel = 1;
				LastSwiftUpdateCheck = 1300;
				LastUpgradeCheck = 1300;
				TargetAttributes = {
					6EACBFD626B1D443003AE8A7 = {
						CreatedOnToolsVersion = 13.0;
					};
					6EACBFEF26B1D446003AE8A7 = {
						CreatedOnToolsVersion = 13.0;
						TestTargetID = 6EACBFD626B1D443003AE8A7;
					};
					6EACBFF926B1D446003AE8A7 = {
						CreatedOnToolsVersion = 13.0;
						TestTargetID = 6EACBFD626B1D443003AE8A7;
					};
				};
			};
			buildConfigurationList = 6EACBFD226B1D443003AE8A7 /* Build configuration list for PBXProject "MiniProject1" */;
			compatibilityVersion = "Xcode 13.0";
			developmentRegion = en;
			hasScannedForEncodings = 0;
			knownRegions = (
				en,
				Base,
			);
			mainGroup = 6EACBFCE26B1D443003AE8A7;
			productRefGroup = 6EACBFD826B1D443003AE8A7 /* Products */;
			projectDirPath = "";
			projectRoot = "";
			targets = (
				6EACBFD626B1D443003AE8A7 /* MiniProject1 */,
				6EACBFEF26B1D446003AE8A7 /* MiniProject1Tests */,
				6EACBFF926B1D446003AE8A7 /* MiniProject1UITests */,
			);
		};
/* End PBXProject section */

/* Begin PBXResourcesBuildPhase section */
		6EACBFD526B1D443003AE8A7 /* Resources */ = {
			isa = PBXResourcesBuildPhase;
			buildActionMask = 2147483647;
			files = (
				6EACBFEA26B1D445003AE8A7 /* LaunchScreen.storyboard in Resources */,
				6EACBFE726B1D445003AE8A7 /* Assets.xcassets in Resources */,
				6EACBFE226B1D443003AE8A7 /* Main.storyboard in Resources */,
			);
			runOnlyForDeploymentPostprocessing = 0;
		};
		6EACBFEE26B1D446003AE8A7 /* Resources */ = {
			isa = PBXResourcesBuildPhase;
			buildActionMask = 2147483647;
			files = (
			);
			runOnlyForDeploymentPostprocessing = 0;
		};
		6EACBFF826B1D446003AE8A7 /* Resources */ = {
			isa = PBXResourcesBuildPhase;
			buildActionMask = 2147483647;
			files = (
			);
			runOnlyForDeploymentPostprocessing = 0;
		};
/* End PBXResourcesBuildPhase section */

/* Begin PBXSourcesBuildPhase section */
		6EACBFD326B1D443003AE8A7 /* Sources */ = {
			isa = PBXSourcesBuildPhase;
			buildActionMask = 2147483647;
			files = (
				6EACBFDF26B1D443003AE8A7 /* ViewController.swift in Sources */,
				6EACBFDB26B1D443003AE8A7 /* AppDelegate.swift in Sources */,
				6EACBFE526B1D443003AE8A7 /* MiniProject1.xcdatamodeld in Sources */,
				6EACBFDD26B1D443003AE8A7 /* SceneDelegate.swift in Sources */,
			);
			runOnlyForDeploymentPostprocessing = 0;
		};
		6EACBFEC26B1D446003AE8A7 /* Sources */ = {
			isa = PBXSourcesBuildPhase;
			buildActionMask = 2147483647;
			files = (
				6EACBFF526B1D446003AE8A7 /* MiniProject1Tests.swift in Sources */,
			);
			runOnlyForDeploymentPostprocessing = 0;
		};
		6EACBFF626B1D446003AE8A7 /* Sources */ = {
			isa = PBXSourcesBuildPhase;
			buildActionMask = 2147483647;
			files = (
				6EACBFFF26B1D446003AE8A7 /* MiniProject1UITests.swift in Sources */,
			);
			runOnlyForDeploymentPostprocessing = 0;
		};
/* End PBXSourcesBuildPhase section */

/* Begin PBXTargetDependency section */
		6EACBFF226B1D446003AE8A7 /* PBXTargetDependency */ = {
			isa = PBXTargetDependency;
			target = 6EACBFD626B1D443003AE8A7 /* MiniProject1 */;
			targetProxy = 6EACBFF126B1D446003AE8A7 /* PBXContainerItemProxy */;
		};
		6EACBFFC26B1D446003AE8A7 /* PBXTargetDependency */ = {
			isa = PBXTargetDependency;
			target = 6EACBFD626B1D443003AE8A7 /* MiniProject1 */;
			targetProxy = 6EACBFFB26B1D446003AE8A7 /* PBXContainerItemProxy */;
		};
/* End PBXTargetDependency section */

/* Begin PBXVariantGroup section */
		6EACBFE026B1D443003AE8A7 /* Main.storyboard */ = {
			isa = PBXVariantGroup;
			children = (
				6EACBFE126B1D443003AE8A7 /* Base */,
			);
			name = Main.storyboard;
			sourceTree = "<group>";
		};
		6EACBFE826B1D445003AE8A7 /* LaunchScreen.storyboard */ = {
			isa = PBXVariantGroup;
			children = (
				6EACBFE926B1D445003AE8A7 /* Base */,
			);
			name = LaunchScreen.storyboard;
			sourceTree = "<group>";
		};
/* End PBXVariantGroup section */

/* Begin XCBuildConfiguration section */
		6EACC00026B1D446003AE8A7 /* Debug */ = {
			isa = XCBuildConfiguration;
			buildSettings = {
				ALWAYS_SEARCH_USER_PATHS = NO;
				CLANG_ANALYZER_NONNULL = YES;
				CLANG_ANALYZER_NUMBER_OBJECT_CONVERSION = YES_AGGRESSIVE;
				CLANG_CXX_LANGUAGE_STANDARD = "gnu++17";
				CLANG_CXX_LIBRARY = "libc++";
				CLANG_ENABLE_MODULES = YES;
				CLANG_ENABLE_OBJC_ARC = YES;
				CLANG_ENABLE_OBJC_WEAK = YES;
				CLANG_WARN_BLOCK_CAPTURE_AUTORELEASING = YES;
				CLANG_WARN_BOOL_CONVERSION = YES;
				CLANG_WARN_COMMA = YES;
				CLANG_WARN_CONSTANT_CONVERSION = YES;
				CLANG_WARN_DEPRECATED_OBJC_IMPLEMENTATIONS = YES;
				CLANG_WARN_DIRECT_OBJC_ISA_USAGE = YES_ERROR;
				CLANG_WARN_DOCUMENTATION_COMMENTS = YES;
				CLANG_WARN_EMPTY_BODY = YES;
				CLANG_WARN_ENUM_CONVERSION = YES;
				CLANG_WARN_INFINITE_RECURSION = YES;
				CLANG_WARN_INT_CONVERSION = YES;
				CLANG_WARN_NON_LITERAL_NULL_CONVERSION = YES;
				CLANG_WARN_OBJC_IMPLICIT_RETAIN_SELF = YES;
				CLANG_WARN_OBJC_LITERAL_CONVERSION = YES;
				CLANG_WARN_OBJC_ROOT_CLASS = YES_ERROR;
				CLANG_WARN_QUOTED_INCLUDE_IN_FRAMEWORK_HEADER = YES;
				CLANG_WARN_RANGE_LOOP_ANALYSIS = YES;
				CLANG_WARN_STRICT_PROTOTYPES = YES;
				CLANG_WARN_SUSPICIOUS_MOVE = YES;
				CLANG_WARN_UNGUARDED_AVAILABILITY = YES_AGGRESSIVE;
				CLANG_WARN_UNREACHABLE_CODE = YES;
				CLANG_WARN__DUPLICATE_METHOD_MATCH = YES;
				COPY_PHASE_STRIP = NO;
				DEBUG_INFORMATION_FORMAT = dwarf;
				ENABLE_STRICT_OBJC_MSGSEND = YES;
				ENABLE_TESTABILITY = YES;
				GCC_C_LANGUAGE_STANDARD = gnu11;
				GCC_DYNAMIC_NO_PIC = NO;
				GCC_NO_COMMON_BLOCKS = YES;
				GCC_OPTIMIZATION_LEVEL = 0;
				GCC_PREPROCESSOR_DEFINITIONS = (
					"DEBUG=1",
					"$(inherited)",
				);
				GCC_WARN_64_TO_32_BIT_CONVERSION = YES;
				GCC_WARN_ABOUT_RETURN_TYPE = YES_ERROR;
				GCC_WARN_UNDECLARED_SELECTOR = YES;
				GCC_WARN_UNINITIALIZED_AUTOS = YES_AGGRESSIVE;
				GCC_WARN_UNUSED_FUNCTION = YES;
				GCC_WARN_UNUSED_VARIABLE = YES;
				IPHONEOS_DEPLOYMENT_TARGET = 15.0;
				MTL_ENABLE_DEBUG_INFO = INCLUDE_SOURCE;
				MTL_FAST_MATH = YES;
				ONLY_ACTIVE_ARCH = YES;
				SDKROOT = iphoneos;
				SWIFT_ACTIVE_COMPILATION_CONDITIONS = DEBUG;
				SWIFT_OPTIMIZATION_LEVEL = "-Onone";
			};
			name = Debug;
		};
		6EACC00126B1D446003AE8A7 /* Release */ = {
			isa = XCBuildConfiguration;
			buildSettings = {
				ALWAYS_SEARCH_USER_PATHS = NO;
				CLANG_ANALYZER_NONNULL = YES;
				CLANG_ANALYZER_NUMBER_OBJECT_CONVERSION = YES_AGGRESSIVE;
				CLANG_CXX_LANGUAGE_STANDARD = "gnu++17";
				CLANG_CXX_LIBRARY = "libc++";
				CLANG_ENABLE_MODULES = YES;
				CLANG_ENABLE_OBJC_ARC = YES;
				CLANG_ENABLE_OBJC_WEAK = YES;
				CLANG_WARN_BLOCK_CAPTURE_AUTORELEASING = YES;
				CLANG_WARN_BOOL_CONVERSION = YES;
				CLANG_WARN_COMMA = YES;
				CLANG_WARN_CONSTANT_CONVERSION = YES;
				CLANG_WARN_DEPRECATED_OBJC_IMPLEMENTATIONS = YES;
				CLANG_WARN_DIRECT_OBJC_ISA_USAGE = YES_ERROR;
				CLANG_WARN_DOCUMENTATION_COMMENTS = YES;
				CLANG_WARN_EMPTY_BODY = YES;
				CLANG_WARN_ENUM_CONVERSION = YES;
				CLANG_WARN_INFINITE_RECURSION = YES;
				CLANG_WARN_INT_CONVERSION = YES;
				CLANG_WARN_NON_LITERAL_NULL_CONVERSION = YES;
				CLANG_WARN_OBJC_IMPLICIT_RETAIN_SELF = YES;
				CLANG_WARN_OBJC_LITERAL_CONVERSION = YES;
				CLANG_WARN_OBJC_ROOT_CLASS = YES_ERROR;
				CLANG_WARN_QUOTED_INCLUDE_IN_FRAMEWORK_HEADER = YES;
				CLANG_WARN_RANGE_LOOP_ANALYSIS = YES;
				CLANG_WARN_STRICT_PROTOTYPES = YES;
				CLANG_WARN_SUSPICIOUS_MOVE = YES;
				CLANG_WARN_UNGUARDED_AVAILABILITY = YES_AGGRESSIVE;
				CLANG_WARN_UNREACHABLE_CODE = YES;
				CLANG_WARN__DUPLICATE_METHOD_MATCH = YES;
				COPY_PHASE_STRIP = NO;
				DEBUG_INFORMATION_FORMAT = "dwarf-with-dsym";
				ENABLE_NS_ASSERTIONS = NO;
				ENABLE_STRICT_OBJC_MSGSEND = YES;
				GCC_C_LANGUAGE_STANDARD = gnu11;
				GCC_NO_COMMON_BLOCKS = YES;
				GCC_WARN_64_TO_32_BIT_CONVERSION = YES;
				GCC_WARN_ABOUT_RETURN_TYPE = YES_ERROR;
				GCC_WARN_UNDECLARED_SELECTOR = YES;
				GCC_WARN_UNINITIALIZED_AUTOS = YES_AGGRESSIVE;
				GCC_WARN_UNUSED_FUNCTION = YES;
				GCC_WARN_UNUSED_VARIABLE = YES;
				IPHONEOS_DEPLOYMENT_TARGET = 15.0;
				MTL_ENABLE_DEBUG_INFO = NO;
				MTL_FAST_MATH = YES;
				SDKROOT = iphoneos;
				SWIFT_COMPILATION_MODE = wholemodule;
				SWIFT_OPTIMIZATION_LEVEL = "-O";
				VALIDATE_PRODUCT = YES;
			};
			name = Release;
		};
		6EACC00326B1D446003AE8A7 /* Debug */ = {
			isa = XCBuildConfiguration;
			buildSettings = {
				ASSETCATALOG_COMPILER_APPICON_NAME = AppIcon;
				ASSETCATALOG_COMPILER_GLOBAL_ACCENT_COLOR_NAME = AccentColor;
				CODE_SIGN_STYLE = Automatic;
				CURRENT_PROJECT_VERSION = 1;
				GENERATE_INFOPLIST_FILE = YES;
				INFOPLIST_FILE = MiniProject1/Info.plist;
				INFOPLIST_KEY_UIApplicationSupportsIndirectInputEvents = YES;
				INFOPLIST_KEY_UILaunchStoryboardName = LaunchScreen;
				INFOPLIST_KEY_UIMainStoryboardFile = Main;
				INFOPLIST_KEY_UISupportedInterfaceOrientations_iPad = "UIInterfaceOrientationPortrait UIInterfaceOrientationPortraitUpsideDown UIInterfaceOrientationLandscapeLeft UIInterfaceOrientationLandscapeRight";
				INFOPLIST_KEY_UISupportedInterfaceOrientations_iPhone = "UIInterfaceOrientationPortrait UIInterfaceOrientationLandscapeLeft UIInterfaceOrientationLandscapeRight";
				LD_RUNPATH_SEARCH_PATHS = (
					"$(inherited)",
					"@executable_path/Frameworks",
				);
				MARKETING_VERSION = 1.0;
				PRODUCT_BUNDLE_IDENTIFIER = KWK.MiniProject1;
				PRODUCT_NAME = "$(TARGET_NAME)";
				SWIFT_EMIT_LOC_STRINGS = YES;
				SWIFT_VERSION = 5.0;
				TARGETED_DEVICE_FAMILY = "1,2";
			};
			name = Debug;
		};
		6EACC00426B1D446003AE8A7 /* Release */ = {
			isa = XCBuildConfiguration;
			buildSettings = {
				ASSETCATALOG_COMPILER_APPICON_NAME = AppIcon;
				ASSETCATALOG_COMPILER_GLOBAL_ACCENT_COLOR_NAME = AccentColor;
				CODE_SIGN_STYLE = Automatic;
				CURRENT_PROJECT_VERSION = 1;
				GENERATE_INFOPLIST_FILE = YES;
				INFOPLIST_FILE = MiniProject1/Info.plist;
				INFOPLIST_KEY_UIApplicationSupportsIndirectInputEvents = YES;
				INFOPLIST_KEY_UILaunchStoryboardName = LaunchScreen;
				INFOPLIST_KEY_UIMainStoryboardFile = Main;
				INFOPLIST_KEY_UISupportedInterfaceOrientations_iPad = "UIInterfaceOrientationPortrait UIInterfaceOrientationPortraitUpsideDown UIInterfaceOrientationLandscapeLeft UIInterfaceOrientationLandscapeRight";
				INFOPLIST_KEY_UISupportedInterfaceOrientations_iPhone = "UIInterfaceOrientationPortrait UIInterfaceOrientationLandscapeLeft UIInterfaceOrientationLandscapeRight";
				LD_RUNPATH_SEARCH_PATHS = (
					"$(inherited)",
					"@executable_path/Frameworks",
				);
				MARKETING_VERSION = 1.0;
				PRODUCT_BUNDLE_IDENTIFIER = KWK.MiniProject1;
				PRODUCT_NAME = "$(TARGET_NAME)";
				SWIFT_EMIT_LOC_STRINGS = YES;
				SWIFT_VERSION = 5.0;
				TARGETED_DEVICE_FAMILY = "1,2";
			};
			name = Release;
		};
		6EACC00626B1D446003AE8A7 /* Debug */ = {
			isa = XCBuildConfiguration;
			buildSettings = {
				ALWAYS_EMBED_SWIFT_STANDARD_LIBRARIES = YES;
				BUNDLE_LOADER = "$(TEST_HOST)";
				CODE_SIGN_STYLE = Automatic;
				CURRENT_PROJECT_VERSION = 1;
				GENERATE_INFOPLIST_FILE = YES;
				IPHONEOS_DEPLOYMENT_TARGET = 15.0;
				LD_RUNPATH_SEARCH_PATHS = (
					"$(inherited)",
					"@executable_path/Frameworks",
					"@loader_path/Frameworks",
				);
				MARKETING_VERSION = 1.0;
				PRODUCT_BUNDLE_IDENTIFIER = KWK.MiniProject1Tests;
				PRODUCT_NAME = "$(TARGET_NAME)";
				SWIFT_EMIT_LOC_STRINGS = NO;
				SWIFT_VERSION = 5.0;
				TARGETED_DEVICE_FAMILY = "1,2";
				TEST_HOST = "$(BUILT_PRODUCTS_DIR)/MiniProject1.app/MiniProject1";
			};
			name = Debug;
		};
		6EACC00726B1D446003AE8A7 /* Release */ = {
			isa = XCBuildConfiguration;
			buildSettings = {
				ALWAYS_EMBED_SWIFT_STANDARD_LIBRARIES = YES;
				BUNDLE_LOADER = "$(TEST_HOST)";
				CODE_SIGN_STYLE = Automatic;
				CURRENT_PROJECT_VERSION = 1;
				GENERATE_INFOPLIST_FILE = YES;
				IPHONEOS_DEPLOYMENT_TARGET = 15.0;
				LD_RUNPATH_SEARCH_PATHS = (
					"$(inherited)",
					"@executable_path/Frameworks",
					"@loader_path/Frameworks",
				);
				MARKETING_VERSION = 1.0;
				PRODUCT_BUNDLE_IDENTIFIER = KWK.MiniProject1Tests;
				PRODUCT_NAME = "$(TARGET_NAME)";
				SWIFT_EMIT_LOC_STRINGS = NO;
				SWIFT_VERSION = 5.0;
				TARGETED_DEVICE_FAMILY = "1,2";
				TEST_HOST = "$(BUILT_PRODUCTS_DIR)/MiniProject1.app/MiniProject1";
			};
			name = Release;
		};
		6EACC00926B1D446003AE8A7 /* Debug */ = {
			isa = XCBuildConfiguration;
			buildSettings = {
				ALWAYS_EMBED_SWIFT_STANDARD_LIBRARIES = YES;
				CODE_SIGN_STYLE = Automatic;
				CURRENT_PROJECT_VERSION = 1;
				GENERATE_INFOPLIST_FILE = YES;
				LD_RUNPATH_SEARCH_PATHS = (
					"$(inherited)",
					"@executable_path/Frameworks",
					"@loader_path/Frameworks",
				);
				MARKETING_VERSION = 1.0;
				PRODUCT_BUNDLE_IDENTIFIER = KWK.MiniProject1UITests;
				PRODUCT_NAME = "$(TARGET_NAME)";
				SWIFT_EMIT_LOC_STRINGS = NO;
				SWIFT_VERSION = 5.0;
				TARGETED_DEVICE_FAMILY = "1,2";
				TEST_TARGET_NAME = MiniProject1;
			};
			name = Debug;
		};
		6EACC00A26B1D446003AE8A7 /* Release */ = {
			isa = XCBuildConfiguration;
			buildSettings = {
				ALWAYS_EMBED_SWIFT_STANDARD_LIBRARIES = YES;
				CODE_SIGN_STYLE = Automatic;
				CURRENT_PROJECT_VERSION = 1;
				GENERATE_INFOPLIST_FILE = YES;
				LD_RUNPATH_SEARCH_PATHS = (
					"$(inherited)",
					"@executable_path/Frameworks",
					"@loader_path/Frameworks",
				);
				MARKETING_VERSION = 1.0;
				PRODUCT_BUNDLE_IDENTIFIER = KWK.MiniProject1UITests;
				PRODUCT_NAME = "$(TARGET_NAME)";
				SWIFT_EMIT_LOC_STRINGS = NO;
				SWIFT_VERSION = 5.0;
				TARGETED_DEVICE_FAMILY = "1,2";
				TEST_TARGET_NAME = MiniProject1;
			};
			name = Release;
		};
/* End XCBuildConfiguration section */

/* Begin XCConfigurationList section */
		6EACBFD226B1D443003AE8A7 /* Build configuration list for PBXProject "MiniProject1" */ = {
			isa = XCConfigurationList;
			buildConfigurations = (
				6EACC00026B1D446003AE8A7 /* Debug */,
				6EACC00126B1D446003AE8A7 /* Release */,
			);
			defaultConfigurationIsVisible = 0;
			defaultConfigurationName = Release;
		};
		6EACC00226B1D446003AE8A7 /* Build configuration list for PBXNativeTarget "MiniProject1" */ = {
			isa = XCConfigurationList;
			buildConfigurations = (
				6EACC00326B1D446003AE8A7 /* Debug */,
				6EACC00426B1D446003AE8A7 /* Release */,
			);
			defaultConfigurationIsVisible = 0;
			defaultConfigurationName = Release;
		};
		6EACC00526B1D446003AE8A7 /* Build configuration list for PBXNativeTarget "MiniProject1Tests" */ = {
			isa = XCConfigurationList;
			buildConfigurations = (
				6EACC00626B1D446003AE8A7 /* Debug */,
				6EACC00726B1D446003AE8A7 /* Release */,
			);
			defaultConfigurationIsVisible = 0;
			defaultConfigurationName = Release;
		};
		6EACC00826B1D446003AE8A7 /* Build configuration list for PBXNativeTarget "MiniProject1UITests" */ = {
			isa = XCConfigurationList;
			buildConfigurations = (
				6EACC00926B1D446003AE8A7 /* Debug */,
				6EACC00A26B1D446003AE8A7 /* Release */,
			);
			defaultConfigurationIsVisible = 0;
			defaultConfigurationName = Release;
		};
/* End XCConfigurationList section */

/* Begin XCVersionGroup section */
		6EACBFE326B1D443003AE8A7 /* MiniProject1.xcdatamodeld */ = {
			isa = XCVersionGroup;
			children = (
				6EACBFE426B1D443003AE8A7 /* MiniProject1.xcdatamodel */,
			);
			currentVersion = 6EACBFE426B1D443003AE8A7 /* MiniProject1.xcdatamodel */;
			path = MiniProject1.xcdatamodeld;
			sourceTree = "<group>";
			versionGroupType = wrapper.xcdatamodel;
		};
/* End XCVersionGroup section */
	};
	rootObject = 6EACBFCF26B1D443003AE8A7 /* Project object */;
}
